// !$*UTF8*$!
{
	archiveVersion = 1;
	classes = {
	};
	objectVersion = 46;
	objects = {

/* Begin PBXBuildFile section */
		46472C9B667EBA57AD194D15 /* Pods_HueHypertension.framework in Frameworks */ = {isa = PBXBuildFile; fileRef = C043E0920653887C70424ACD /* Pods_HueHypertension.framework */; };
		FF0F7B8F1E7FC57000755D66 /* HomeViewController.m in Sources */ = {isa = PBXBuildFile; fileRef = FF0F7B8D1E7FC57000755D66 /* HomeViewController.m */; };
		FF0F7B901E7FC57000755D66 /* HomeViewController.xib in Resources */ = {isa = PBXBuildFile; fileRef = FF0F7B8E1E7FC57000755D66 /* HomeViewController.xib */; };
		FF0F7B9D1E81133D00755D66 /* HomeTableViewCell.xib in Resources */ = {isa = PBXBuildFile; fileRef = FF0F7B9C1E81133D00755D66 /* HomeTableViewCell.xib */; };
		FF0F7BBC1E84ED1400755D66 /* logo.png in Resources */ = {isa = PBXBuildFile; fileRef = FF0F7B9E1E84ED1400755D66 /* logo.png */; };
		FF0F7BBD1E84ED1400755D66 /* paper_571px.png in Resources */ = {isa = PBXBuildFile; fileRef = FF0F7B9F1E84ED1400755D66 /* paper_571px.png */; };
		FF0F7BBE1E84ED1400755D66 /* pencil_196px.png in Resources */ = {isa = PBXBuildFile; fileRef = FF0F7BA01E84ED1400755D66 /* pencil_196px.png */; };
		FF0F7BBF1E84ED1400755D66 /* pressure_512px.png in Resources */ = {isa = PBXBuildFile; fileRef = FF0F7BA11E84ED1400755D66 /* pressure_512px.png */; };
		FF0F7BC01E84ED1400755D66 /* return_400px.png in Resources */ = {isa = PBXBuildFile; fileRef = FF0F7BA21E84ED1400755D66 /* return_400px.png */; };
		FF0F7BC11E84ED1400755D66 /* right_arrow_blue.png in Resources */ = {isa = PBXBuildFile; fileRef = FF0F7BA31E84ED1400755D66 /* right_arrow_blue.png */; };
		FF0F7BC21E84ED1400755D66 /* right_arrow_green.png in Resources */ = {isa = PBXBuildFile; fileRef = FF0F7BA41E84ED1400755D66 /* right_arrow_green.png */; };
		FF0F7BC31E84ED1400755D66 /* right_arrow_red.png in Resources */ = {isa = PBXBuildFile; fileRef = FF0F7BA51E84ED1400755D66 /* right_arrow_red.png */; };
		FF0F7BC41E84ED1400755D66 /* right_arrow.png in Resources */ = {isa = PBXBuildFile; fileRef = FF0F7BA61E84ED1400755D66 /* right_arrow.png */; };
		FF0F7BC51E84ED1400755D66 /* switch_off.png in Resources */ = {isa = PBXBuildFile; fileRef = FF0F7BA71E84ED1400755D66 /* switch_off.png */; };
		FF0F7BC61E84ED1400755D66 /* switch_on.png in Resources */ = {isa = PBXBuildFile; fileRef = FF0F7BA81E84ED1400755D66 /* switch_on.png */; };
		FF0F7BC71E84ED1400755D66 /* user_529px.png in Resources */ = {isa = PBXBuildFile; fileRef = FF0F7BA91E84ED1400755D66 /* user_529px.png */; };
		FF0F7BC81E84ED1400755D66 /* user_select@2x.png in Resources */ = {isa = PBXBuildFile; fileRef = FF0F7BAA1E84ED1400755D66 /* user_select@2x.png */; };
		FF0F7BC91E84ED1400755D66 /* user_select@3x.png in Resources */ = {isa = PBXBuildFile; fileRef = FF0F7BAB1E84ED1400755D66 /* user_select@3x.png */; };
		FF0F7BCA1E84ED1400755D66 /* user@2x.png in Resources */ = {isa = PBXBuildFile; fileRef = FF0F7BAC1E84ED1400755D66 /* user@2x.png */; };
		FF0F7BCB1E84ED1400755D66 /* user@3x.png in Resources */ = {isa = PBXBuildFile; fileRef = FF0F7BAD1E84ED1400755D66 /* user@3x.png */; };
		FF0F7BCC1E84ED1400755D66 /* weight_550px.png in Resources */ = {isa = PBXBuildFile; fileRef = FF0F7BAE1E84ED1400755D66 /* weight_550px.png */; };
		FF0F7BCD1E84ED1400755D66 /* alarm_clock_1304px.png in Resources */ = {isa = PBXBuildFile; fileRef = FF0F7BAF1E84ED1400755D66 /* alarm_clock_1304px.png */; };
		FF0F7BCE1E84ED1400755D66 /* book_300px_.png in Resources */ = {isa = PBXBuildFile; fileRef = FF0F7BB01E84ED1400755D66 /* book_300px_.png */; };
		FF0F7BCF1E84ED1400755D66 /* book_510px.png in Resources */ = {isa = PBXBuildFile; fileRef = FF0F7BB11E84ED1400755D66 /* book_510px.png */; };
		FF0F7BD01E84ED1400755D66 /* bulb_select@2x.png in Resources */ = {isa = PBXBuildFile; fileRef = FF0F7BB21E84ED1400755D66 /* bulb_select@2x.png */; };
		FF0F7BD11E84ED1400755D66 /* bulb_select@3x.png in Resources */ = {isa = PBXBuildFile; fileRef = FF0F7BB31E84ED1400755D66 /* bulb_select@3x.png */; };
		FF0F7BD21E84ED1400755D66 /* bulb@2x.png in Resources */ = {isa = PBXBuildFile; fileRef = FF0F7BB41E84ED1400755D66 /* bulb@2x.png */; };
		FF0F7BD31E84ED1400755D66 /* bulb@3x.png in Resources */ = {isa = PBXBuildFile; fileRef = FF0F7BB51E84ED1400755D66 /* bulb@3x.png */; };
		FF0F7BD41E84ED1400755D66 /* eye_914px.png in Resources */ = {isa = PBXBuildFile; fileRef = FF0F7BB61E84ED1400755D66 /* eye_914px.png */; };
		FF0F7BD51E84ED1400755D66 /* home_select@2x.png in Resources */ = {isa = PBXBuildFile; fileRef = FF0F7BB71E84ED1400755D66 /* home_select@2x.png */; };
		FF0F7BD61E84ED1400755D66 /* home_select@3x.png in Resources */ = {isa = PBXBuildFile; fileRef = FF0F7BB81E84ED1400755D66 /* home_select@3x.png */; };
		FF0F7BD71E84ED1400755D66 /* home@2x.png in Resources */ = {isa = PBXBuildFile; fileRef = FF0F7BB91E84ED1400755D66 /* home@2x.png */; };
		FF0F7BD81E84ED1400755D66 /* home@3x.png in Resources */ = {isa = PBXBuildFile; fileRef = FF0F7BBA1E84ED1400755D66 /* home@3x.png */; };
		FF0F7BD91E84ED1400755D66 /* HUE UI.png in Resources */ = {isa = PBXBuildFile; fileRef = FF0F7BBB1E84ED1400755D66 /* HUE UI.png */; };
		FF1941191E84FAB6006AA583 /* CDMNetworkManager.m in Sources */ = {isa = PBXBuildFile; fileRef = FF1941181E84FAB6006AA583 /* CDMNetworkManager.m */; };
		FF19411D1E84FCC6006AA583 /* knowledgeModel.m in Sources */ = {isa = PBXBuildFile; fileRef = FF19411C1E84FCC6006AA583 /* knowledgeModel.m */; };
		FF1941211E850B9A006AA583 /* DetailKnowledgeViewController.m in Sources */ = {isa = PBXBuildFile; fileRef = FF19411F1E850B9A006AA583 /* DetailKnowledgeViewController.m */; };
		FF1941221E850B9A006AA583 /* DetailKnowledgeViewController.xib in Resources */ = {isa = PBXBuildFile; fileRef = FF1941201E850B9A006AA583 /* DetailKnowledgeViewController.xib */; };
		FF1941251E850CF8006AA583 /* NSObject+Null.m in Sources */ = {isa = PBXBuildFile; fileRef = FF1941241E850CF8006AA583 /* NSObject+Null.m */; };
		FF1941271E8510E6006AA583 /* delete.png in Resources */ = {isa = PBXBuildFile; fileRef = FF1941261E8510E6006AA583 /* delete.png */; };
		FF1941291E85110B006AA583 /* save.png in Resources */ = {isa = PBXBuildFile; fileRef = FF1941281E85110B006AA583 /* save.png */; };
		FF1941301E88EA9A006AA583 /* UserManager.m in Sources */ = {isa = PBXBuildFile; fileRef = FF19412F1E88EA9A006AA583 /* UserManager.m */; };
		FF1941331E88EEA2006AA583 /* User.m in Sources */ = {isa = PBXBuildFile; fileRef = FF1941321E88EEA2006AA583 /* User.m */; };
		FF1941361E88F1A0006AA583 /* DataCache.m in Sources */ = {isa = PBXBuildFile; fileRef = FF1941351E88F1A0006AA583 /* DataCache.m */; };
		FF1941391E893AE2006AA583 /* BaseViewController.m in Sources */ = {isa = PBXBuildFile; fileRef = FF1941381E893AE2006AA583 /* BaseViewController.m */; };
		FFBABFC71E67F2B200E68260 /* main.m in Sources */ = {isa = PBXBuildFile; fileRef = FFBABFC61E67F2B200E68260 /* main.m */; };
		FFBABFCA1E67F2B200E68260 /* AppDelegate.m in Sources */ = {isa = PBXBuildFile; fileRef = FFBABFC91E67F2B200E68260 /* AppDelegate.m */; };
		FFBABFD21E67F2B200E68260 /* Assets.xcassets in Resources */ = {isa = PBXBuildFile; fileRef = FFBABFD11E67F2B200E68260 /* Assets.xcassets */; };
		FFBABFD51E67F2B200E68260 /* LaunchScreen.storyboard in Resources */ = {isa = PBXBuildFile; fileRef = FFBABFD31E67F2B200E68260 /* LaunchScreen.storyboard */; };
		FFBABFE01E67F2B200E68260 /* HueHypertensionTests.m in Sources */ = {isa = PBXBuildFile; fileRef = FFBABFDF1E67F2B200E68260 /* HueHypertensionTests.m */; };
		FFBABFEB1E67F2B200E68260 /* HueHypertensionUITests.m in Sources */ = {isa = PBXBuildFile; fileRef = FFBABFEA1E67F2B200E68260 /* HueHypertensionUITests.m */; };
		FFBABFFA1E69665B00E68260 /* HueSDK_iOS.framework in Frameworks */ = {isa = PBXBuildFile; fileRef = FFBABFF91E69665B00E68260 /* HueSDK_iOS.framework */; };
		FFBABFFE1E6967BD00E68260 /* libc++.tbd in Frameworks */ = {isa = PBXBuildFile; fileRef = FFBABFFD1E6967BD00E68260 /* libc++.tbd */; };
		FFBAC0001E6967D200E68260 /* libsqlite3.0.tbd in Frameworks */ = {isa = PBXBuildFile; fileRef = FFBABFFF1E6967D200E68260 /* libsqlite3.0.tbd */; };
		FFBAC0021E6967DA00E68260 /* libz.tbd in Frameworks */ = {isa = PBXBuildFile; fileRef = FFBAC0011E6967DA00E68260 /* libz.tbd */; };
		FFBAC0071E6E767600E68260 /* HueManager.m in Sources */ = {isa = PBXBuildFile; fileRef = FFBAC0061E6E767600E68260 /* HueManager.m */; };
		FFBAC00E1E6E76BA00E68260 /* PHBridgePushLinkViewController.m in Sources */ = {isa = PBXBuildFile; fileRef = FFBAC00C1E6E76BA00E68260 /* PHBridgePushLinkViewController.m */; };
		FFBAC00F1E6E76BA00E68260 /* PHBridgePushLinkViewController.xib in Resources */ = {isa = PBXBuildFile; fileRef = FFBAC00D1E6E76BA00E68260 /* PHBridgePushLinkViewController.xib */; };
		FFBAC0131E6E76D200E68260 /* PHBridgeSelectionViewController.m in Sources */ = {isa = PBXBuildFile; fileRef = FFBAC0111E6E76D200E68260 /* PHBridgeSelectionViewController.m */; };
		FFBAC0141E6E76D200E68260 /* PHBridgeSelectionViewController.xib in Resources */ = {isa = PBXBuildFile; fileRef = FFBAC0121E6E76D200E68260 /* PHBridgeSelectionViewController.xib */; };
		FFBAC0181E6E76E100E68260 /* PHLoadingViewController.m in Sources */ = {isa = PBXBuildFile; fileRef = FFBAC0161E6E76E100E68260 /* PHLoadingViewController.m */; };
		FFBAC0191E6E76E100E68260 /* PHLoadingViewController.xib in Resources */ = {isa = PBXBuildFile; fileRef = FFBAC0171E6E76E100E68260 /* PHLoadingViewController.xib */; };
		FFBAC01E1E6E8F5F00E68260 /* LoginViewController.m in Sources */ = {isa = PBXBuildFile; fileRef = FFBAC01C1E6E8F5F00E68260 /* LoginViewController.m */; };
		FFBAC01F1E6E8F5F00E68260 /* LoginViewController.xib in Resources */ = {isa = PBXBuildFile; fileRef = FFBAC01D1E6E8F5F00E68260 /* LoginViewController.xib */; };
		FFBAC0211E6E989A00E68260 /* QuartzCore.framework in Frameworks */ = {isa = PBXBuildFile; fileRef = FFBAC0201E6E989A00E68260 /* QuartzCore.framework */; };
		FFBAC03C1E6E9A5A00E68260 /* DDAbstractDatabaseLogger.m in Sources */ = {isa = PBXBuildFile; fileRef = FFBAC0331E6E9A5A00E68260 /* DDAbstractDatabaseLogger.m */; };
		FFBAC03D1E6E9A5A00E68260 /* DDASLLogger.m in Sources */ = {isa = PBXBuildFile; fileRef = FFBAC0351E6E9A5A00E68260 /* DDASLLogger.m */; };
		FFBAC03E1E6E9A5A00E68260 /* DDFileLogger.m in Sources */ = {isa = PBXBuildFile; fileRef = FFBAC0371E6E9A5A00E68260 /* DDFileLogger.m */; };
		FFBAC03F1E6E9A5A00E68260 /* DDLog.m in Sources */ = {isa = PBXBuildFile; fileRef = FFBAC0391E6E9A5A00E68260 /* DDLog.m */; };
		FFBAC0401E6E9A5A00E68260 /* DDTTYLogger.m in Sources */ = {isa = PBXBuildFile; fileRef = FFBAC03B1E6E9A5A00E68260 /* DDTTYLogger.m */; };
		FFBAC0441E6EA13400E68260 /* NSObject+Tips.m in Sources */ = {isa = PBXBuildFile; fileRef = FFBAC0431E6EA13400E68260 /* NSObject+Tips.m */; };
		FFBAC0471E6EA22B00E68260 /* UIResponder+FirstResponder.m in Sources */ = {isa = PBXBuildFile; fileRef = FFBAC0461E6EA22B00E68260 /* UIResponder+FirstResponder.m */; };
		FFBAC04A1E6EA2A600E68260 /* AlertManager.m in Sources */ = {isa = PBXBuildFile; fileRef = FFBAC0491E6EA2A600E68260 /* AlertManager.m */; };
/* End PBXBuildFile section */

/* Begin PBXContainerItemProxy section */
		FFBABFDC1E67F2B200E68260 /* PBXContainerItemProxy */ = {
			isa = PBXContainerItemProxy;
			containerPortal = FFBABFBA1E67F2B200E68260 /* Project object */;
			proxyType = 1;
			remoteGlobalIDString = FFBABFC11E67F2B200E68260;
			remoteInfo = HueHypertension;
		};
		FFBABFE71E67F2B200E68260 /* PBXContainerItemProxy */ = {
			isa = PBXContainerItemProxy;
			containerPortal = FFBABFBA1E67F2B200E68260 /* Project object */;
			proxyType = 1;
			remoteGlobalIDString = FFBABFC11E67F2B200E68260;
			remoteInfo = HueHypertension;
		};
/* End PBXContainerItemProxy section */

/* Begin PBXFileReference section */
		AD7AB71331A7A98545A260E7 /* Pods-HueHypertension.debug.xcconfig */ = {isa = PBXFileReference; includeInIndex = 1; lastKnownFileType = text.xcconfig; name = "Pods-HueHypertension.debug.xcconfig"; path = "Pods/Target Support Files/Pods-HueHypertension/Pods-HueHypertension.debug.xcconfig"; sourceTree = "<group>"; };
		AFA9829F7059FACC8AA8E418 /* Pods-HueHypertension.release.xcconfig */ = {isa = PBXFileReference; includeInIndex = 1; lastKnownFileType = text.xcconfig; name = "Pods-HueHypertension.release.xcconfig"; path = "Pods/Target Support Files/Pods-HueHypertension/Pods-HueHypertension.release.xcconfig"; sourceTree = "<group>"; };
		C043E0920653887C70424ACD /* Pods_HueHypertension.framework */ = {isa = PBXFileReference; explicitFileType = wrapper.framework; includeInIndex = 0; path = Pods_HueHypertension.framework; sourceTree = BUILT_PRODUCTS_DIR; };
		FF0F7B8C1E7FC57000755D66 /* HomeViewController.h */ = {isa = PBXFileReference; fileEncoding = 4; lastKnownFileType = sourcecode.c.h; path = HomeViewController.h; sourceTree = "<group>"; };
		FF0F7B8D1E7FC57000755D66 /* HomeViewController.m */ = {isa = PBXFileReference; fileEncoding = 4; lastKnownFileType = sourcecode.c.objc; path = HomeViewController.m; sourceTree = "<group>"; };
		FF0F7B8E1E7FC57000755D66 /* HomeViewController.xib */ = {isa = PBXFileReference; fileEncoding = 4; lastKnownFileType = file.xib; path = HomeViewController.xib; sourceTree = "<group>"; };
		FF0F7B9C1E81133D00755D66 /* HomeTableViewCell.xib */ = {isa = PBXFileReference; fileEncoding = 4; lastKnownFileType = file.xib; path = HomeTableViewCell.xib; sourceTree = "<group>"; };
		FF0F7B9E1E84ED1400755D66 /* logo.png */ = {isa = PBXFileReference; lastKnownFileType = image.png; path = logo.png; sourceTree = "<group>"; };
		FF0F7B9F1E84ED1400755D66 /* paper_571px.png */ = {isa = PBXFileReference; lastKnownFileType = image.png; path = paper_571px.png; sourceTree = "<group>"; };
		FF0F7BA01E84ED1400755D66 /* pencil_196px.png */ = {isa = PBXFileReference; lastKnownFileType = image.png; path = pencil_196px.png; sourceTree = "<group>"; };
		FF0F7BA11E84ED1400755D66 /* pressure_512px.png */ = {isa = PBXFileReference; lastKnownFileType = image.png; path = pressure_512px.png; sourceTree = "<group>"; };
		FF0F7BA21E84ED1400755D66 /* return_400px.png */ = {isa = PBXFileReference; lastKnownFileType = image.png; path = return_400px.png; sourceTree = "<group>"; };
		FF0F7BA31E84ED1400755D66 /* right_arrow_blue.png */ = {isa = PBXFileReference; lastKnownFileType = image.png; path = right_arrow_blue.png; sourceTree = "<group>"; };
		FF0F7BA41E84ED1400755D66 /* right_arrow_green.png */ = {isa = PBXFileReference; lastKnownFileType = image.png; path = right_arrow_green.png; sourceTree = "<group>"; };
		FF0F7BA51E84ED1400755D66 /* right_arrow_red.png */ = {isa = PBXFileReference; lastKnownFileType = image.png; path = right_arrow_red.png; sourceTree = "<group>"; };
		FF0F7BA61E84ED1400755D66 /* right_arrow.png */ = {isa = PBXFileReference; lastKnownFileType = image.png; path = right_arrow.png; sourceTree = "<group>"; };
		FF0F7BA71E84ED1400755D66 /* switch_off.png */ = {isa = PBXFileReference; lastKnownFileType = image.png; path = switch_off.png; sourceTree = "<group>"; };
		FF0F7BA81E84ED1400755D66 /* switch_on.png */ = {isa = PBXFileReference; lastKnownFileType = image.png; path = switch_on.png; sourceTree = "<group>"; };
		FF0F7BA91E84ED1400755D66 /* user_529px.png */ = {isa = PBXFileReference; lastKnownFileType = image.png; path = user_529px.png; sourceTree = "<group>"; };
		FF0F7BAA1E84ED1400755D66 /* user_select@2x.png */ = {isa = PBXFileReference; lastKnownFileType = image.png; path = "user_select@2x.png"; sourceTree = "<group>"; };
		FF0F7BAB1E84ED1400755D66 /* user_select@3x.png */ = {isa = PBXFileReference; lastKnownFileType = image.png; path = "user_select@3x.png"; sourceTree = "<group>"; };
		FF0F7BAC1E84ED1400755D66 /* user@2x.png */ = {isa = PBXFileReference; lastKnownFileType = image.png; path = "user@2x.png"; sourceTree = "<group>"; };
		FF0F7BAD1E84ED1400755D66 /* user@3x.png */ = {isa = PBXFileReference; lastKnownFileType = image.png; path = "user@3x.png"; sourceTree = "<group>"; };
		FF0F7BAE1E84ED1400755D66 /* weight_550px.png */ = {isa = PBXFileReference; lastKnownFileType = image.png; path = weight_550px.png; sourceTree = "<group>"; };
		FF0F7BAF1E84ED1400755D66 /* alarm_clock_1304px.png */ = {isa = PBXFileReference; lastKnownFileType = image.png; path = alarm_clock_1304px.png; sourceTree = "<group>"; };
		FF0F7BB01E84ED1400755D66 /* book_300px_.png */ = {isa = PBXFileReference; lastKnownFileType = image.png; path = book_300px_.png; sourceTree = "<group>"; };
		FF0F7BB11E84ED1400755D66 /* book_510px.png */ = {isa = PBXFileReference; lastKnownFileType = image.png; path = book_510px.png; sourceTree = "<group>"; };
		FF0F7BB21E84ED1400755D66 /* bulb_select@2x.png */ = {isa = PBXFileReference; lastKnownFileType = image.png; path = "bulb_select@2x.png"; sourceTree = "<group>"; };
		FF0F7BB31E84ED1400755D66 /* bulb_select@3x.png */ = {isa = PBXFileReference; lastKnownFileType = image.png; path = "bulb_select@3x.png"; sourceTree = "<group>"; };
		FF0F7BB41E84ED1400755D66 /* bulb@2x.png */ = {isa = PBXFileReference; lastKnownFileType = image.png; path = "bulb@2x.png"; sourceTree = "<group>"; };
		FF0F7BB51E84ED1400755D66 /* bulb@3x.png */ = {isa = PBXFileReference; lastKnownFileType = image.png; path = "bulb@3x.png"; sourceTree = "<group>"; };
		FF0F7BB61E84ED1400755D66 /* eye_914px.png */ = {isa = PBXFileReference; lastKnownFileType = image.png; path = eye_914px.png; sourceTree = "<group>"; };
		FF0F7BB71E84ED1400755D66 /* home_select@2x.png */ = {isa = PBXFileReference; lastKnownFileType = image.png; path = "home_select@2x.png"; sourceTree = "<group>"; };
		FF0F7BB81E84ED1400755D66 /* home_select@3x.png */ = {isa = PBXFileReference; lastKnownFileType = image.png; path = "home_select@3x.png"; sourceTree = "<group>"; };
		FF0F7BB91E84ED1400755D66 /* home@2x.png */ = {isa = PBXFileReference; lastKnownFileType = image.png; path = "home@2x.png"; sourceTree = "<group>"; };
		FF0F7BBA1E84ED1400755D66 /* home@3x.png */ = {isa = PBXFileReference; lastKnownFileType = image.png; path = "home@3x.png"; sourceTree = "<group>"; };
		FF0F7BBB1E84ED1400755D66 /* HUE UI.png */ = {isa = PBXFileReference; lastKnownFileType = image.png; path = "HUE UI.png"; sourceTree = "<group>"; };
		FF1941171E84FAB6006AA583 /* CDMNetworkManager.h */ = {isa = PBXFileReference; fileEncoding = 4; lastKnownFileType = sourcecode.c.h; path = CDMNetworkManager.h; sourceTree = "<group>"; };
		FF1941181E84FAB6006AA583 /* CDMNetworkManager.m */ = {isa = PBXFileReference; fileEncoding = 4; lastKnownFileType = sourcecode.c.objc; path = CDMNetworkManager.m; sourceTree = "<group>"; };
		FF19411B1E84FCC6006AA583 /* knowledgeModel.h */ = {isa = PBXFileReference; fileEncoding = 4; lastKnownFileType = sourcecode.c.h; path = knowledgeModel.h; sourceTree = "<group>"; };
		FF19411C1E84FCC6006AA583 /* knowledgeModel.m */ = {isa = PBXFileReference; fileEncoding = 4; lastKnownFileType = sourcecode.c.objc; path = knowledgeModel.m; sourceTree = "<group>"; };
		FF19411E1E850B9A006AA583 /* DetailKnowledgeViewController.h */ = {isa = PBXFileReference; fileEncoding = 4; lastKnownFileType = sourcecode.c.h; path = DetailKnowledgeViewController.h; sourceTree = "<group>"; };
		FF19411F1E850B9A006AA583 /* DetailKnowledgeViewController.m */ = {isa = PBXFileReference; fileEncoding = 4; lastKnownFileType = sourcecode.c.objc; path = DetailKnowledgeViewController.m; sourceTree = "<group>"; };
		FF1941201E850B9A006AA583 /* DetailKnowledgeViewController.xib */ = {isa = PBXFileReference; fileEncoding = 4; lastKnownFileType = file.xib; path = DetailKnowledgeViewController.xib; sourceTree = "<group>"; };
		FF1941231E850CF8006AA583 /* NSObject+Null.h */ = {isa = PBXFileReference; fileEncoding = 4; lastKnownFileType = sourcecode.c.h; path = "NSObject+Null.h"; sourceTree = "<group>"; };
		FF1941241E850CF8006AA583 /* NSObject+Null.m */ = {isa = PBXFileReference; fileEncoding = 4; lastKnownFileType = sourcecode.c.objc; path = "NSObject+Null.m"; sourceTree = "<group>"; };
		FF1941261E8510E6006AA583 /* delete.png */ = {isa = PBXFileReference; lastKnownFileType = image.png; path = delete.png; sourceTree = "<group>"; };
		FF1941281E85110B006AA583 /* save.png */ = {isa = PBXFileReference; lastKnownFileType = image.png; path = save.png; sourceTree = "<group>"; };
		FF19412E1E88EA9A006AA583 /* UserManager.h */ = {isa = PBXFileReference; fileEncoding = 4; lastKnownFileType = sourcecode.c.h; path = UserManager.h; sourceTree = "<group>"; };
		FF19412F1E88EA9A006AA583 /* UserManager.m */ = {isa = PBXFileReference; fileEncoding = 4; lastKnownFileType = sourcecode.c.objc; path = UserManager.m; sourceTree = "<group>"; };
		FF1941311E88EEA2006AA583 /* User.h */ = {isa = PBXFileReference; fileEncoding = 4; lastKnownFileType = sourcecode.c.h; path = User.h; sourceTree = "<group>"; };
		FF1941321E88EEA2006AA583 /* User.m */ = {isa = PBXFileReference; fileEncoding = 4; lastKnownFileType = sourcecode.c.objc; path = User.m; sourceTree = "<group>"; };
		FF1941341E88F1A0006AA583 /* DataCache.h */ = {isa = PBXFileReference; fileEncoding = 4; lastKnownFileType = sourcecode.c.h; path = DataCache.h; sourceTree = "<group>"; };
		FF1941351E88F1A0006AA583 /* DataCache.m */ = {isa = PBXFileReference; fileEncoding = 4; lastKnownFileType = sourcecode.c.objc; path = DataCache.m; sourceTree = "<group>"; };
		FF1941371E893AE2006AA583 /* BaseViewController.h */ = {isa = PBXFileReference; fileEncoding = 4; lastKnownFileType = sourcecode.c.h; path = BaseViewController.h; sourceTree = "<group>"; };
		FF1941381E893AE2006AA583 /* BaseViewController.m */ = {isa = PBXFileReference; fileEncoding = 4; lastKnownFileType = sourcecode.c.objc; path = BaseViewController.m; sourceTree = "<group>"; };
		FFBABFC21E67F2B200E68260 /* HueHypertension.app */ = {isa = PBXFileReference; explicitFileType = wrapper.application; includeInIndex = 0; path = HueHypertension.app; sourceTree = BUILT_PRODUCTS_DIR; };
		FFBABFC61E67F2B200E68260 /* main.m */ = {isa = PBXFileReference; lastKnownFileType = sourcecode.c.objc; path = main.m; sourceTree = "<group>"; };
		FFBABFC81E67F2B200E68260 /* AppDelegate.h */ = {isa = PBXFileReference; lastKnownFileType = sourcecode.c.h; path = AppDelegate.h; sourceTree = "<group>"; };
		FFBABFC91E67F2B200E68260 /* AppDelegate.m */ = {isa = PBXFileReference; lastKnownFileType = sourcecode.c.objc; path = AppDelegate.m; sourceTree = "<group>"; };
		FFBABFD11E67F2B200E68260 /* Assets.xcassets */ = {isa = PBXFileReference; lastKnownFileType = folder.assetcatalog; path = Assets.xcassets; sourceTree = "<group>"; };
		FFBABFD41E67F2B200E68260 /* Base */ = {isa = PBXFileReference; lastKnownFileType = file.storyboard; name = Base; path = Base.lproj/LaunchScreen.storyboard; sourceTree = "<group>"; };
		FFBABFD61E67F2B200E68260 /* Info.plist */ = {isa = PBXFileReference; lastKnownFileType = text.plist.xml; path = Info.plist; sourceTree = "<group>"; };
		FFBABFDB1E67F2B200E68260 /* HueHypertensionTests.xctest */ = {isa = PBXFileReference; explicitFileType = wrapper.cfbundle; includeInIndex = 0; path = HueHypertensionTests.xctest; sourceTree = BUILT_PRODUCTS_DIR; };
		FFBABFDF1E67F2B200E68260 /* HueHypertensionTests.m */ = {isa = PBXFileReference; lastKnownFileType = sourcecode.c.objc; path = HueHypertensionTests.m; sourceTree = "<group>"; };
		FFBABFE11E67F2B200E68260 /* Info.plist */ = {isa = PBXFileReference; lastKnownFileType = text.plist.xml; path = Info.plist; sourceTree = "<group>"; };
		FFBABFE61E67F2B200E68260 /* HueHypertensionUITests.xctest */ = {isa = PBXFileReference; explicitFileType = wrapper.cfbundle; includeInIndex = 0; path = HueHypertensionUITests.xctest; sourceTree = BUILT_PRODUCTS_DIR; };
		FFBABFEA1E67F2B200E68260 /* HueHypertensionUITests.m */ = {isa = PBXFileReference; lastKnownFileType = sourcecode.c.objc; path = HueHypertensionUITests.m; sourceTree = "<group>"; };
		FFBABFEC1E67F2B200E68260 /* Info.plist */ = {isa = PBXFileReference; lastKnownFileType = text.plist.xml; path = Info.plist; sourceTree = "<group>"; };
		FFBABFF91E69665B00E68260 /* HueSDK_iOS.framework */ = {isa = PBXFileReference; lastKnownFileType = wrapper.framework; path = HueSDK_iOS.framework; sourceTree = "<group>"; };
		FFBABFFD1E6967BD00E68260 /* libc++.tbd */ = {isa = PBXFileReference; lastKnownFileType = "sourcecode.text-based-dylib-definition"; name = "libc++.tbd"; path = "usr/lib/libc++.tbd"; sourceTree = SDKROOT; };
		FFBABFFF1E6967D200E68260 /* libsqlite3.0.tbd */ = {isa = PBXFileReference; lastKnownFileType = "sourcecode.text-based-dylib-definition"; name = libsqlite3.0.tbd; path = usr/lib/libsqlite3.0.tbd; sourceTree = SDKROOT; };
		FFBAC0011E6967DA00E68260 /* libz.tbd */ = {isa = PBXFileReference; lastKnownFileType = "sourcecode.text-based-dylib-definition"; name = libz.tbd; path = usr/lib/libz.tbd; sourceTree = SDKROOT; };
		FFBAC0031E6D952500E68260 /* Header.h */ = {isa = PBXFileReference; lastKnownFileType = sourcecode.c.h; path = Header.h; sourceTree = "<group>"; };
		FFBAC0051E6E767600E68260 /* HueManager.h */ = {isa = PBXFileReference; fileEncoding = 4; lastKnownFileType = sourcecode.c.h; name = HueManager.h; path = ../../../../Downloads/hue/ios_hypertension_app/hypertension/HueManager.h; sourceTree = "<group>"; };
		FFBAC0061E6E767600E68260 /* HueManager.m */ = {isa = PBXFileReference; fileEncoding = 4; lastKnownFileType = sourcecode.c.objc; name = HueManager.m; path = ../../../../Downloads/hue/ios_hypertension_app/hypertension/HueManager.m; sourceTree = "<group>"; };
		FFBAC00B1E6E76BA00E68260 /* PHBridgePushLinkViewController.h */ = {isa = PBXFileReference; fileEncoding = 4; lastKnownFileType = sourcecode.c.h; name = PHBridgePushLinkViewController.h; path = ../../../../Downloads/hue/ios_hypertension_app/hypertension/PHBridgePushLinkViewController.h; sourceTree = "<group>"; };
		FFBAC00C1E6E76BA00E68260 /* PHBridgePushLinkViewController.m */ = {isa = PBXFileReference; fileEncoding = 4; lastKnownFileType = sourcecode.c.objc; name = PHBridgePushLinkViewController.m; path = ../../../../Downloads/hue/ios_hypertension_app/hypertension/PHBridgePushLinkViewController.m; sourceTree = "<group>"; };
		FFBAC00D1E6E76BA00E68260 /* PHBridgePushLinkViewController.xib */ = {isa = PBXFileReference; fileEncoding = 4; lastKnownFileType = file.xib; name = PHBridgePushLinkViewController.xib; path = ../../../../Downloads/hue/ios_hypertension_app/hypertension/PHBridgePushLinkViewController.xib; sourceTree = "<group>"; };
		FFBAC0101E6E76D200E68260 /* PHBridgeSelectionViewController.h */ = {isa = PBXFileReference; fileEncoding = 4; lastKnownFileType = sourcecode.c.h; name = PHBridgeSelectionViewController.h; path = ../../../../Downloads/hue/ios_hypertension_app/hypertension/PHBridgeSelectionViewController.h; sourceTree = "<group>"; };
		FFBAC0111E6E76D200E68260 /* PHBridgeSelectionViewController.m */ = {isa = PBXFileReference; fileEncoding = 4; lastKnownFileType = sourcecode.c.objc; name = PHBridgeSelectionViewController.m; path = ../../../../Downloads/hue/ios_hypertension_app/hypertension/PHBridgeSelectionViewController.m; sourceTree = "<group>"; };
		FFBAC0121E6E76D200E68260 /* PHBridgeSelectionViewController.xib */ = {isa = PBXFileReference; fileEncoding = 4; lastKnownFileType = file.xib; name = PHBridgeSelectionViewController.xib; path = ../../../../Downloads/hue/ios_hypertension_app/hypertension/PHBridgeSelectionViewController.xib; sourceTree = "<group>"; };
		FFBAC0151E6E76E100E68260 /* PHLoadingViewController.h */ = {isa = PBXFileReference; fileEncoding = 4; lastKnownFileType = sourcecode.c.h; name = PHLoadingViewController.h; path = ../../../../Downloads/hue/ios_hypertension_app/hypertension/LoadingView/PHLoadingViewController.h; sourceTree = "<group>"; };
		FFBAC0161E6E76E100E68260 /* PHLoadingViewController.m */ = {isa = PBXFileReference; fileEncoding = 4; lastKnownFileType = sourcecode.c.objc; name = PHLoadingViewController.m; path = ../../../../Downloads/hue/ios_hypertension_app/hypertension/LoadingView/PHLoadingViewController.m; sourceTree = "<group>"; };
		FFBAC0171E6E76E100E68260 /* PHLoadingViewController.xib */ = {isa = PBXFileReference; fileEncoding = 4; lastKnownFileType = file.xib; name = PHLoadingViewController.xib; path = ../../../../Downloads/hue/ios_hypertension_app/hypertension/LoadingView/PHLoadingViewController.xib; sourceTree = "<group>"; };
		FFBAC01B1E6E8F5F00E68260 /* LoginViewController.h */ = {isa = PBXFileReference; fileEncoding = 4; lastKnownFileType = sourcecode.c.h; path = LoginViewController.h; sourceTree = "<group>"; };
		FFBAC01C1E6E8F5F00E68260 /* LoginViewController.m */ = {isa = PBXFileReference; fileEncoding = 4; lastKnownFileType = sourcecode.c.objc; path = LoginViewController.m; sourceTree = "<group>"; };
		FFBAC01D1E6E8F5F00E68260 /* LoginViewController.xib */ = {isa = PBXFileReference; fileEncoding = 4; lastKnownFileType = file.xib; path = LoginViewController.xib; sourceTree = "<group>"; };
		FFBAC0201E6E989A00E68260 /* QuartzCore.framework */ = {isa = PBXFileReference; lastKnownFileType = wrapper.framework; name = QuartzCore.framework; path = System/Library/Frameworks/QuartzCore.framework; sourceTree = SDKROOT; };
		FFBAC0321E6E9A5A00E68260 /* DDAbstractDatabaseLogger.h */ = {isa = PBXFileReference; fileEncoding = 4; lastKnownFileType = sourcecode.c.h; path = DDAbstractDatabaseLogger.h; sourceTree = "<group>"; };
		FFBAC0331E6E9A5A00E68260 /* DDAbstractDatabaseLogger.m */ = {isa = PBXFileReference; fileEncoding = 4; lastKnownFileType = sourcecode.c.objc; path = DDAbstractDatabaseLogger.m; sourceTree = "<group>"; };
		FFBAC0341E6E9A5A00E68260 /* DDASLLogger.h */ = {isa = PBXFileReference; fileEncoding = 4; lastKnownFileType = sourcecode.c.h; path = DDASLLogger.h; sourceTree = "<group>"; };
		FFBAC0351E6E9A5A00E68260 /* DDASLLogger.m */ = {isa = PBXFileReference; fileEncoding = 4; lastKnownFileType = sourcecode.c.objc; path = DDASLLogger.m; sourceTree = "<group>"; };
		FFBAC0361E6E9A5A00E68260 /* DDFileLogger.h */ = {isa = PBXFileReference; fileEncoding = 4; lastKnownFileType = sourcecode.c.h; path = DDFileLogger.h; sourceTree = "<group>"; };
		FFBAC0371E6E9A5A00E68260 /* DDFileLogger.m */ = {isa = PBXFileReference; fileEncoding = 4; lastKnownFileType = sourcecode.c.objc; path = DDFileLogger.m; sourceTree = "<group>"; };
		FFBAC0381E6E9A5A00E68260 /* DDLog.h */ = {isa = PBXFileReference; fileEncoding = 4; lastKnownFileType = sourcecode.c.h; path = DDLog.h; sourceTree = "<group>"; };
		FFBAC0391E6E9A5A00E68260 /* DDLog.m */ = {isa = PBXFileReference; fileEncoding = 4; lastKnownFileType = sourcecode.c.objc; path = DDLog.m; sourceTree = "<group>"; };
		FFBAC03A1E6E9A5A00E68260 /* DDTTYLogger.h */ = {isa = PBXFileReference; fileEncoding = 4; lastKnownFileType = sourcecode.c.h; path = DDTTYLogger.h; sourceTree = "<group>"; };
		FFBAC03B1E6E9A5A00E68260 /* DDTTYLogger.m */ = {isa = PBXFileReference; fileEncoding = 4; lastKnownFileType = sourcecode.c.objc; path = DDTTYLogger.m; sourceTree = "<group>"; };
		FFBAC0421E6EA13400E68260 /* NSObject+Tips.h */ = {isa = PBXFileReference; fileEncoding = 4; lastKnownFileType = sourcecode.c.h; path = "NSObject+Tips.h"; sourceTree = "<group>"; };
		FFBAC0431E6EA13400E68260 /* NSObject+Tips.m */ = {isa = PBXFileReference; fileEncoding = 4; lastKnownFileType = sourcecode.c.objc; path = "NSObject+Tips.m"; sourceTree = "<group>"; };
		FFBAC0451E6EA22B00E68260 /* UIResponder+FirstResponder.h */ = {isa = PBXFileReference; fileEncoding = 4; lastKnownFileType = sourcecode.c.h; path = "UIResponder+FirstResponder.h"; sourceTree = "<group>"; };
		FFBAC0461E6EA22B00E68260 /* UIResponder+FirstResponder.m */ = {isa = PBXFileReference; fileEncoding = 4; lastKnownFileType = sourcecode.c.objc; path = "UIResponder+FirstResponder.m"; sourceTree = "<group>"; };
		FFBAC0481E6EA2A600E68260 /* AlertManager.h */ = {isa = PBXFileReference; fileEncoding = 4; lastKnownFileType = sourcecode.c.h; path = AlertManager.h; sourceTree = "<group>"; };
		FFBAC0491E6EA2A600E68260 /* AlertManager.m */ = {isa = PBXFileReference; fileEncoding = 4; lastKnownFileType = sourcecode.c.objc; path = AlertManager.m; sourceTree = "<group>"; };
/* End PBXFileReference section */

/* Begin PBXFrameworksBuildPhase section */
		FFBABFBF1E67F2B200E68260 /* Frameworks */ = {
			isa = PBXFrameworksBuildPhase;
			buildActionMask = 2147483647;
			files = (
				FFBAC0211E6E989A00E68260 /* QuartzCore.framework in Frameworks */,
				FFBAC0021E6967DA00E68260 /* libz.tbd in Frameworks */,
				FFBAC0001E6967D200E68260 /* libsqlite3.0.tbd in Frameworks */,
				FFBABFFE1E6967BD00E68260 /* libc++.tbd in Frameworks */,
				FFBABFFA1E69665B00E68260 /* HueSDK_iOS.framework in Frameworks */,
				46472C9B667EBA57AD194D15 /* Pods_HueHypertension.framework in Frameworks */,
			);
			runOnlyForDeploymentPostprocessing = 0;
		};
		FFBABFD81E67F2B200E68260 /* Frameworks */ = {
			isa = PBXFrameworksBuildPhase;
			buildActionMask = 2147483647;
			files = (
			);
			runOnlyForDeploymentPostprocessing = 0;
		};
		FFBABFE31E67F2B200E68260 /* Frameworks */ = {
			isa = PBXFrameworksBuildPhase;
			buildActionMask = 2147483647;
			files = (
			);
			runOnlyForDeploymentPostprocessing = 0;
		};
/* End PBXFrameworksBuildPhase section */

/* Begin PBXGroup section */
		A0BC5A4E9F7FC196F3BB12E6 /* Frameworks */ = {
			isa = PBXGroup;
			children = (
				FFBAC0201E6E989A00E68260 /* QuartzCore.framework */,
				FFBAC0011E6967DA00E68260 /* libz.tbd */,
				FFBABFFF1E6967D200E68260 /* libsqlite3.0.tbd */,
				FFBABFFD1E6967BD00E68260 /* libc++.tbd */,
				FFBABFF91E69665B00E68260 /* HueSDK_iOS.framework */,
				C043E0920653887C70424ACD /* Pods_HueHypertension.framework */,
			);
			name = Frameworks;
			sourceTree = "<group>";
		};
		F1FE9B3D4E632943C7635310 /* Pods */ = {
			isa = PBXGroup;
			children = (
				AD7AB71331A7A98545A260E7 /* Pods-HueHypertension.debug.xcconfig */,
				AFA9829F7059FACC8AA8E418 /* Pods-HueHypertension.release.xcconfig */,
			);
			name = Pods;
			sourceTree = "<group>";
		};
		FF0F7B9A1E8112EE00755D66 /* Resource */ = {
			isa = PBXGroup;
			children = (
				FFBABFD31E67F2B200E68260 /* LaunchScreen.storyboard */,
				FF0F7B9B1E81131000755D66 /* images */,
				FF0F7B9C1E81133D00755D66 /* HomeTableViewCell.xib */,
			);
			name = Resource;
			sourceTree = "<group>";
		};
		FF0F7B9B1E81131000755D66 /* images */ = {
			isa = PBXGroup;
			children = (
				FF1941281E85110B006AA583 /* save.png */,
				FF1941261E8510E6006AA583 /* delete.png */,
				FF0F7B9E1E84ED1400755D66 /* logo.png */,
				FF0F7B9F1E84ED1400755D66 /* paper_571px.png */,
				FF0F7BA01E84ED1400755D66 /* pencil_196px.png */,
				FF0F7BA11E84ED1400755D66 /* pressure_512px.png */,
				FF0F7BA21E84ED1400755D66 /* return_400px.png */,
				FF0F7BA31E84ED1400755D66 /* right_arrow_blue.png */,
				FF0F7BA41E84ED1400755D66 /* right_arrow_green.png */,
				FF0F7BA51E84ED1400755D66 /* right_arrow_red.png */,
				FF0F7BA61E84ED1400755D66 /* right_arrow.png */,
				FF0F7BA71E84ED1400755D66 /* switch_off.png */,
				FF0F7BA81E84ED1400755D66 /* switch_on.png */,
				FF0F7BA91E84ED1400755D66 /* user_529px.png */,
				FF0F7BAA1E84ED1400755D66 /* user_select@2x.png */,
				FF0F7BAB1E84ED1400755D66 /* user_select@3x.png */,
				FF0F7BAC1E84ED1400755D66 /* user@2x.png */,
				FF0F7BAD1E84ED1400755D66 /* user@3x.png */,
				FF0F7BAE1E84ED1400755D66 /* weight_550px.png */,
				FF0F7BAF1E84ED1400755D66 /* alarm_clock_1304px.png */,
				FF0F7BB01E84ED1400755D66 /* book_300px_.png */,
				FF0F7BB11E84ED1400755D66 /* book_510px.png */,
				FF0F7BB21E84ED1400755D66 /* bulb_select@2x.png */,
				FF0F7BB31E84ED1400755D66 /* bulb_select@3x.png */,
				FF0F7BB41E84ED1400755D66 /* bulb@2x.png */,
				FF0F7BB51E84ED1400755D66 /* bulb@3x.png */,
				FF0F7BB61E84ED1400755D66 /* eye_914px.png */,
				FF0F7BB71E84ED1400755D66 /* home_select@2x.png */,
				FF0F7BB81E84ED1400755D66 /* home_select@3x.png */,
				FF0F7BB91E84ED1400755D66 /* home@2x.png */,
				FF0F7BBA1E84ED1400755D66 /* home@3x.png */,
				FF0F7BBB1E84ED1400755D66 /* HUE UI.png */,
			);
			name = images;
			sourceTree = "<group>";
		};
		FF19411A1E84FCB9006AA583 /* Knowledge */ = {
			isa = PBXGroup;
			children = (
				FF19411E1E850B9A006AA583 /* DetailKnowledgeViewController.h */,
				FF19411F1E850B9A006AA583 /* DetailKnowledgeViewController.m */,
				FF1941201E850B9A006AA583 /* DetailKnowledgeViewController.xib */,
				FF19411B1E84FCC6006AA583 /* knowledgeModel.h */,
				FF19411C1E84FCC6006AA583 /* knowledgeModel.m */,
			);
			name = Knowledge;
			sourceTree = "<group>";
		};
		FF19412A1E88EA26006AA583 /* User */ = {
			isa = PBXGroup;
			children = (
				FF19412E1E88EA9A006AA583 /* UserManager.h */,
				FF19412F1E88EA9A006AA583 /* UserManager.m */,
				FF1941311E88EEA2006AA583 /* User.h */,
				FF1941321E88EEA2006AA583 /* User.m */,
			);
			name = User;
			sourceTree = "<group>";
		};
		FFBABFB91E67F2B200E68260 = {
			isa = PBXGroup;
			children = (
				FFBABFC41E67F2B200E68260 /* HueHypertension */,
				FFBABFDE1E67F2B200E68260 /* HueHypertensionTests */,
				FFBABFE91E67F2B200E68260 /* HueHypertensionUITests */,
				FFBABFC31E67F2B200E68260 /* Products */,
				F1FE9B3D4E632943C7635310 /* Pods */,
				A0BC5A4E9F7FC196F3BB12E6 /* Frameworks */,
			);
			sourceTree = "<group>";
		};
		FFBABFC31E67F2B200E68260 /* Products */ = {
			isa = PBXGroup;
			children = (
				FFBABFC21E67F2B200E68260 /* HueHypertension.app */,
				FFBABFDB1E67F2B200E68260 /* HueHypertensionTests.xctest */,
				FFBABFE61E67F2B200E68260 /* HueHypertensionUITests.xctest */,
			);
			name = Products;
			sourceTree = "<group>";
		};
		FFBABFC41E67F2B200E68260 /* HueHypertension */ = {
			isa = PBXGroup;
			children = (
				FF19412A1E88EA26006AA583 /* User */,
				FF19411A1E84FCB9006AA583 /* Knowledge */,
				FF0F7B9A1E8112EE00755D66 /* Resource */,
				FFBAC04B1E6EA2AA00E68260 /* Utils */,
				FFBAC0411E6EA11E00E68260 /* Category */,
				FFBAC01A1E6E8EC900E68260 /* Hypertension */,
				FFBAC0041E6E766400E68260 /* Hue */,
				FFBABFF81E69654700E68260 /* AppDelegate */,
				FFBABFC51E67F2B200E68260 /* Supporting Files */,
			);
			path = HueHypertension;
			sourceTree = "<group>";
		};
		FFBABFC51E67F2B200E68260 /* Supporting Files */ = {
			isa = PBXGroup;
			children = (
				FFBAC0221E6E9A0700E68260 /* Lumberjack */,
				FFBABFD11E67F2B200E68260 /* Assets.xcassets */,
				FFBABFD61E67F2B200E68260 /* Info.plist */,
				FFBABFC61E67F2B200E68260 /* main.m */,
				FFBAC0031E6D952500E68260 /* Header.h */,
			);
			name = "Supporting Files";
			sourceTree = "<group>";
		};
		FFBABFDE1E67F2B200E68260 /* HueHypertensionTests */ = {
			isa = PBXGroup;
			children = (
				FFBABFDF1E67F2B200E68260 /* HueHypertensionTests.m */,
				FFBABFE11E67F2B200E68260 /* Info.plist */,
			);
			path = HueHypertensionTests;
			sourceTree = "<group>";
		};
		FFBABFE91E67F2B200E68260 /* HueHypertensionUITests */ = {
			isa = PBXGroup;
			children = (
				FFBABFEA1E67F2B200E68260 /* HueHypertensionUITests.m */,
				FFBABFEC1E67F2B200E68260 /* Info.plist */,
			);
			path = HueHypertensionUITests;
			sourceTree = "<group>";
		};
		FFBABFF81E69654700E68260 /* AppDelegate */ = {
			isa = PBXGroup;
			children = (
				FFBABFC81E67F2B200E68260 /* AppDelegate.h */,
				FFBABFC91E67F2B200E68260 /* AppDelegate.m */,
			);
			name = AppDelegate;
			sourceTree = "<group>";
		};
		FFBAC0041E6E766400E68260 /* Hue */ = {
			isa = PBXGroup;
			children = (
				FFBAC00A1E6E76A300E68260 /* LoadingView */,
				FFBAC0091E6E769400E68260 /* SelectView */,
				FFBAC0081E6E768900E68260 /* PushView */,
				FFBAC0051E6E767600E68260 /* HueManager.h */,
				FFBAC0061E6E767600E68260 /* HueManager.m */,
			);
			name = Hue;
			sourceTree = "<group>";
		};
		FFBAC0081E6E768900E68260 /* PushView */ = {
			isa = PBXGroup;
			children = (
				FFBAC00B1E6E76BA00E68260 /* PHBridgePushLinkViewController.h */,
				FFBAC00C1E6E76BA00E68260 /* PHBridgePushLinkViewController.m */,
				FFBAC00D1E6E76BA00E68260 /* PHBridgePushLinkViewController.xib */,
			);
			name = PushView;
			sourceTree = "<group>";
		};
		FFBAC0091E6E769400E68260 /* SelectView */ = {
			isa = PBXGroup;
			children = (
				FFBAC0101E6E76D200E68260 /* PHBridgeSelectionViewController.h */,
				FFBAC0111E6E76D200E68260 /* PHBridgeSelectionViewController.m */,
				FFBAC0121E6E76D200E68260 /* PHBridgeSelectionViewController.xib */,
			);
			name = SelectView;
			sourceTree = "<group>";
		};
		FFBAC00A1E6E76A300E68260 /* LoadingView */ = {
			isa = PBXGroup;
			children = (
				FFBAC0151E6E76E100E68260 /* PHLoadingViewController.h */,
				FFBAC0161E6E76E100E68260 /* PHLoadingViewController.m */,
				FFBAC0171E6E76E100E68260 /* PHLoadingViewController.xib */,
			);
			name = LoadingView;
			sourceTree = "<group>";
		};
		FFBAC01A1E6E8EC900E68260 /* Hypertension */ = {
			isa = PBXGroup;
			children = (
				FF1941371E893AE2006AA583 /* BaseViewController.h */,
				FF1941381E893AE2006AA583 /* BaseViewController.m */,
				FFBAC01B1E6E8F5F00E68260 /* LoginViewController.h */,
				FFBAC01C1E6E8F5F00E68260 /* LoginViewController.m */,
				FFBAC01D1E6E8F5F00E68260 /* LoginViewController.xib */,
				FF0F7B8C1E7FC57000755D66 /* HomeViewController.h */,
				FF0F7B8D1E7FC57000755D66 /* HomeViewController.m */,
				FF0F7B8E1E7FC57000755D66 /* HomeViewController.xib */,
			);
			name = Hypertension;
			sourceTree = "<group>";
		};
		FFBAC0221E6E9A0700E68260 /* Lumberjack */ = {
			isa = PBXGroup;
			children = (
				FFBAC0321E6E9A5A00E68260 /* DDAbstractDatabaseLogger.h */,
				FFBAC0331E6E9A5A00E68260 /* DDAbstractDatabaseLogger.m */,
				FFBAC0341E6E9A5A00E68260 /* DDASLLogger.h */,
				FFBAC0351E6E9A5A00E68260 /* DDASLLogger.m */,
				FFBAC0361E6E9A5A00E68260 /* DDFileLogger.h */,
				FFBAC0371E6E9A5A00E68260 /* DDFileLogger.m */,
				FFBAC0381E6E9A5A00E68260 /* DDLog.h */,
				FFBAC0391E6E9A5A00E68260 /* DDLog.m */,
				FFBAC03A1E6E9A5A00E68260 /* DDTTYLogger.h */,
				FFBAC03B1E6E9A5A00E68260 /* DDTTYLogger.m */,
			);
			name = Lumberjack;
			sourceTree = "<group>";
		};
		FFBAC0411E6EA11E00E68260 /* Category */ = {
			isa = PBXGroup;
			children = (
				FF1941231E850CF8006AA583 /* NSObject+Null.h */,
				FF1941241E850CF8006AA583 /* NSObject+Null.m */,
				FFBAC0421E6EA13400E68260 /* NSObject+Tips.h */,
				FFBAC0431E6EA13400E68260 /* NSObject+Tips.m */,
				FFBAC0451E6EA22B00E68260 /* UIResponder+FirstResponder.h */,
				FFBAC0461E6EA22B00E68260 /* UIResponder+FirstResponder.m */,
			);
			name = Category;
			sourceTree = "<group>";
		};
		FFBAC04B1E6EA2AA00E68260 /* Utils */ = {
			isa = PBXGroup;
			children = (
				FF1941341E88F1A0006AA583 /* DataCache.h */,
				FF1941351E88F1A0006AA583 /* DataCache.m */,
				FFBAC0481E6EA2A600E68260 /* AlertManager.h */,
				FFBAC0491E6EA2A600E68260 /* AlertManager.m */,
				FF1941171E84FAB6006AA583 /* CDMNetworkManager.h */,
				FF1941181E84FAB6006AA583 /* CDMNetworkManager.m */,
			);
			name = Utils;
			sourceTree = "<group>";
		};
/* End PBXGroup section */

/* Begin PBXNativeTarget section */
		FFBABFC11E67F2B200E68260 /* HueHypertension */ = {
			isa = PBXNativeTarget;
			buildConfigurationList = FFBABFEF1E67F2B200E68260 /* Build configuration list for PBXNativeTarget "HueHypertension" */;
			buildPhases = (
				67C72D3A177D714084A233E3 /* [CP] Check Pods Manifest.lock */,
				FFBABFBE1E67F2B200E68260 /* Sources */,
				FFBABFBF1E67F2B200E68260 /* Frameworks */,
				FFBABFC01E67F2B200E68260 /* Resources */,
				C881752843D76AE4663AD48F /* [CP] Embed Pods Frameworks */,
				8586609B6CA6E1B18748691B /* [CP] Copy Pods Resources */,
			);
			buildRules = (
			);
			dependencies = (
			);
			name = HueHypertension;
			productName = HueHypertension;
			productReference = FFBABFC21E67F2B200E68260 /* HueHypertension.app */;
			productType = "com.apple.product-type.application";
		};
		FFBABFDA1E67F2B200E68260 /* HueHypertensionTests */ = {
			isa = PBXNativeTarget;
			buildConfigurationList = FFBABFF21E67F2B200E68260 /* Build configuration list for PBXNativeTarget "HueHypertensionTests" */;
			buildPhases = (
				FFBABFD71E67F2B200E68260 /* Sources */,
				FFBABFD81E67F2B200E68260 /* Frameworks */,
				FFBABFD91E67F2B200E68260 /* Resources */,
			);
			buildRules = (
			);
			dependencies = (
				FFBABFDD1E67F2B200E68260 /* PBXTargetDependency */,
			);
			name = HueHypertensionTests;
			productName = HueHypertensionTests;
			productReference = FFBABFDB1E67F2B200E68260 /* HueHypertensionTests.xctest */;
			productType = "com.apple.product-type.bundle.unit-test";
		};
		FFBABFE51E67F2B200E68260 /* HueHypertensionUITests */ = {
			isa = PBXNativeTarget;
			buildConfigurationList = FFBABFF51E67F2B200E68260 /* Build configuration list for PBXNativeTarget "HueHypertensionUITests" */;
			buildPhases = (
				FFBABFE21E67F2B200E68260 /* Sources */,
				FFBABFE31E67F2B200E68260 /* Frameworks */,
				FFBABFE41E67F2B200E68260 /* Resources */,
			);
			buildRules = (
			);
			dependencies = (
				FFBABFE81E67F2B200E68260 /* PBXTargetDependency */,
			);
			name = HueHypertensionUITests;
			productName = HueHypertensionUITests;
			productReference = FFBABFE61E67F2B200E68260 /* HueHypertensionUITests.xctest */;
			productType = "com.apple.product-type.bundle.ui-testing";
		};
/* End PBXNativeTarget section */

/* Begin PBXProject section */
		FFBABFBA1E67F2B200E68260 /* Project object */ = {
			isa = PBXProject;
			attributes = {
				LastUpgradeCheck = 0820;
				ORGANIZATIONNAME = "Yiyuan Liu";
				TargetAttributes = {
					FFBABFC11E67F2B200E68260 = {
						CreatedOnToolsVersion = 8.2.1;
						DevelopmentTeam = HU5VQMU784;
						ProvisioningStyle = Automatic;
					};
					FFBABFDA1E67F2B200E68260 = {
						CreatedOnToolsVersion = 8.2.1;
						DevelopmentTeam = HU5VQMU784;
						ProvisioningStyle = Automatic;
						TestTargetID = FFBABFC11E67F2B200E68260;
					};
					FFBABFE51E67F2B200E68260 = {
						CreatedOnToolsVersion = 8.2.1;
						DevelopmentTeam = HU5VQMU784;
						ProvisioningStyle = Automatic;
						TestTargetID = FFBABFC11E67F2B200E68260;
					};
				};
			};
			buildConfigurationList = FFBABFBD1E67F2B200E68260 /* Build configuration list for PBXProject "HueHypertension" */;
			compatibilityVersion = "Xcode 3.2";
			developmentRegion = English;
			hasScannedForEncodings = 0;
			knownRegions = (
				en,
				Base,
			);
			mainGroup = FFBABFB91E67F2B200E68260;
			productRefGroup = FFBABFC31E67F2B200E68260 /* Products */;
			projectDirPath = "";
			projectRoot = "";
			targets = (
				FFBABFC11E67F2B200E68260 /* HueHypertension */,
				FFBABFDA1E67F2B200E68260 /* HueHypertensionTests */,
				FFBABFE51E67F2B200E68260 /* HueHypertensionUITests */,
			);
		};
/* End PBXProject section */

/* Begin PBXResourcesBuildPhase section */
		FFBABFC01E67F2B200E68260 /* Resources */ = {
			isa = PBXResourcesBuildPhase;
			buildActionMask = 2147483647;
			files = (
				FF0F7BCB1E84ED1400755D66 /* user@3x.png in Resources */,
				FF0F7BBF1E84ED1400755D66 /* pressure_512px.png in Resources */,
				FF0F7BC51E84ED1400755D66 /* switch_off.png in Resources */,
				FF0F7BD91E84ED1400755D66 /* HUE UI.png in Resources */,
				FF0F7B9D1E81133D00755D66 /* HomeTableViewCell.xib in Resources */,
				FF0F7BBE1E84ED1400755D66 /* pencil_196px.png in Resources */,
				FFBAC01F1E6E8F5F00E68260 /* LoginViewController.xib in Resources */,
				FFBAC0191E6E76E100E68260 /* PHLoadingViewController.xib in Resources */,
				FFBAC0141E6E76D200E68260 /* PHBridgeSelectionViewController.xib in Resources */,
				FF0F7BBD1E84ED1400755D66 /* paper_571px.png in Resources */,
				FFBABFD51E67F2B200E68260 /* LaunchScreen.storyboard in Resources */,
				FFBAC00F1E6E76BA00E68260 /* PHBridgePushLinkViewController.xib in Resources */,
				FF0F7BD41E84ED1400755D66 /* eye_914px.png in Resources */,
				FF0F7BCD1E84ED1400755D66 /* alarm_clock_1304px.png in Resources */,
				FF0F7B901E7FC57000755D66 /* HomeViewController.xib in Resources */,
				FF0F7BBC1E84ED1400755D66 /* logo.png in Resources */,
				FF0F7BC81E84ED1400755D66 /* user_select@2x.png in Resources */,
				FF0F7BD71E84ED1400755D66 /* home@2x.png in Resources */,
				FF0F7BD81E84ED1400755D66 /* home@3x.png in Resources */,
				FF0F7BC71E84ED1400755D66 /* user_529px.png in Resources */,
				FFBABFD21E67F2B200E68260 /* Assets.xcassets in Resources */,
				FF0F7BC91E84ED1400755D66 /* user_select@3x.png in Resources */,
				FF0F7BD21E84ED1400755D66 /* bulb@2x.png in Resources */,
				FF0F7BD01E84ED1400755D66 /* bulb_select@2x.png in Resources */,
				FF1941271E8510E6006AA583 /* delete.png in Resources */,
				FF1941291E85110B006AA583 /* save.png in Resources */,
				FF0F7BC21E84ED1400755D66 /* right_arrow_green.png in Resources */,
				FF0F7BD11E84ED1400755D66 /* bulb_select@3x.png in Resources */,
				FF0F7BD51E84ED1400755D66 /* home_select@2x.png in Resources */,
				FF1941221E850B9A006AA583 /* DetailKnowledgeViewController.xib in Resources */,
				FF0F7BD61E84ED1400755D66 /* home_select@3x.png in Resources */,
				FF0F7BC61E84ED1400755D66 /* switch_on.png in Resources */,
				FF0F7BCE1E84ED1400755D66 /* book_300px_.png in Resources */,
				FF0F7BC11E84ED1400755D66 /* right_arrow_blue.png in Resources */,
				FF0F7BCA1E84ED1400755D66 /* user@2x.png in Resources */,
				FF0F7BC31E84ED1400755D66 /* right_arrow_red.png in Resources */,
				FF0F7BCC1E84ED1400755D66 /* weight_550px.png in Resources */,
				FF0F7BCF1E84ED1400755D66 /* book_510px.png in Resources */,
				FF0F7BC01E84ED1400755D66 /* return_400px.png in Resources */,
				FF0F7BC41E84ED1400755D66 /* right_arrow.png in Resources */,
				FF0F7BD31E84ED1400755D66 /* bulb@3x.png in Resources */,
			);
			runOnlyForDeploymentPostprocessing = 0;
		};
		FFBABFD91E67F2B200E68260 /* Resources */ = {
			isa = PBXResourcesBuildPhase;
			buildActionMask = 2147483647;
			files = (
			);
			runOnlyForDeploymentPostprocessing = 0;
		};
		FFBABFE41E67F2B200E68260 /* Resources */ = {
			isa = PBXResourcesBuildPhase;
			buildActionMask = 2147483647;
			files = (
			);
			runOnlyForDeploymentPostprocessing = 0;
		};
/* End PBXResourcesBuildPhase section */

/* Begin PBXShellScriptBuildPhase section */
		67C72D3A177D714084A233E3 /* [CP] Check Pods Manifest.lock */ = {
			isa = PBXShellScriptBuildPhase;
			buildActionMask = 2147483647;
			files = (
			);
			inputPaths = (
			);
			name = "[CP] Check Pods Manifest.lock";
			outputPaths = (
			);
			runOnlyForDeploymentPostprocessing = 0;
			shellPath = /bin/sh;
			shellScript = "diff \"${PODS_ROOT}/../Podfile.lock\" \"${PODS_ROOT}/Manifest.lock\" > /dev/null\nif [ $? != 0 ] ; then\n    # print error to STDERR\n    echo \"error: The sandbox is not in sync with the Podfile.lock. Run 'pod install' or update your CocoaPods installation.\" >&2\n    exit 1\nfi\n";
			showEnvVarsInLog = 0;
		};
		8586609B6CA6E1B18748691B /* [CP] Copy Pods Resources */ = {
			isa = PBXShellScriptBuildPhase;
			buildActionMask = 2147483647;
			files = (
			);
			inputPaths = (
			);
			name = "[CP] Copy Pods Resources";
			outputPaths = (
			);
			runOnlyForDeploymentPostprocessing = 0;
			shellPath = /bin/sh;
			shellScript = "\"${SRCROOT}/Pods/Target Support Files/Pods-HueHypertension/Pods-HueHypertension-resources.sh\"\n";
			showEnvVarsInLog = 0;
		};
		C881752843D76AE4663AD48F /* [CP] Embed Pods Frameworks */ = {
			isa = PBXShellScriptBuildPhase;
			buildActionMask = 2147483647;
			files = (
			);
			inputPaths = (
			);
			name = "[CP] Embed Pods Frameworks";
			outputPaths = (
			);
			runOnlyForDeploymentPostprocessing = 0;
			shellPath = /bin/sh;
			shellScript = "\"${SRCROOT}/Pods/Target Support Files/Pods-HueHypertension/Pods-HueHypertension-frameworks.sh\"\n";
			showEnvVarsInLog = 0;
		};
/* End PBXShellScriptBuildPhase section */

/* Begin PBXSourcesBuildPhase section */
		FFBABFBE1E67F2B200E68260 /* Sources */ = {
			isa = PBXSourcesBuildPhase;
			buildActionMask = 2147483647;
			files = (
				FFBAC0131E6E76D200E68260 /* PHBridgeSelectionViewController.m in Sources */,
				FF1941391E893AE2006AA583 /* BaseViewController.m in Sources */,
				FF1941301E88EA9A006AA583 /* UserManager.m in Sources */,
				FFBAC0071E6E767600E68260 /* HueManager.m in Sources */,
				FFBABFCA1E67F2B200E68260 /* AppDelegate.m in Sources */,
				FFBAC0181E6E76E100E68260 /* PHLoadingViewController.m in Sources */,
				FFBAC0401E6E9A5A00E68260 /* DDTTYLogger.m in Sources */,
				FF1941331E88EEA2006AA583 /* User.m in Sources */,
				FFBAC03E1E6E9A5A00E68260 /* DDFileLogger.m in Sources */,
				FFBAC01E1E6E8F5F00E68260 /* LoginViewController.m in Sources */,
				FF0F7B8F1E7FC57000755D66 /* HomeViewController.m in Sources */,
				FF1941361E88F1A0006AA583 /* DataCache.m in Sources */,
				FF19411D1E84FCC6006AA583 /* knowledgeModel.m in Sources */,
				FFBAC00E1E6E76BA00E68260 /* PHBridgePushLinkViewController.m in Sources */,
				FFBAC03C1E6E9A5A00E68260 /* DDAbstractDatabaseLogger.m in Sources */,
				FFBAC03F1E6E9A5A00E68260 /* DDLog.m in Sources */,
				FFBAC0471E6EA22B00E68260 /* UIResponder+FirstResponder.m in Sources */,
				FFBABFC71E67F2B200E68260 /* main.m in Sources */,
				FFBAC04A1E6EA2A600E68260 /* AlertManager.m in Sources */,
				FF1941211E850B9A006AA583 /* DetailKnowledgeViewController.m in Sources */,
				FFBAC0441E6EA13400E68260 /* NSObject+Tips.m in Sources */,
				FFBAC03D1E6E9A5A00E68260 /* DDASLLogger.m in Sources */,
				FF1941251E850CF8006AA583 /* NSObject+Null.m in Sources */,
				FF1941191E84FAB6006AA583 /* CDMNetworkManager.m in Sources */,
			);
			runOnlyForDeploymentPostprocessing = 0;
		};
		FFBABFD71E67F2B200E68260 /* Sources */ = {
			isa = PBXSourcesBuildPhase;
			buildActionMask = 2147483647;
			files = (
				FFBABFE01E67F2B200E68260 /* HueHypertensionTests.m in Sources */,
			);
			runOnlyForDeploymentPostprocessing = 0;
		};
		FFBABFE21E67F2B200E68260 /* Sources */ = {
			isa = PBXSourcesBuildPhase;
			buildActionMask = 2147483647;
			files = (
				FFBABFEB1E67F2B200E68260 /* HueHypertensionUITests.m in Sources */,
			);
			runOnlyForDeploymentPostprocessing = 0;
		};
/* End PBXSourcesBuildPhase section */

/* Begin PBXTargetDependency section */
		FFBABFDD1E67F2B200E68260 /* PBXTargetDependency */ = {
			isa = PBXTargetDependency;
			target = FFBABFC11E67F2B200E68260 /* HueHypertension */;
			targetProxy = FFBABFDC1E67F2B200E68260 /* PBXContainerItemProxy */;
		};
		FFBABFE81E67F2B200E68260 /* PBXTargetDependency */ = {
			isa = PBXTargetDependency;
			target = FFBABFC11E67F2B200E68260 /* HueHypertension */;
			targetProxy = FFBABFE71E67F2B200E68260 /* PBXContainerItemProxy */;
		};
/* End PBXTargetDependency section */

/* Begin PBXVariantGroup section */
		FFBABFD31E67F2B200E68260 /* LaunchScreen.storyboard */ = {
			isa = PBXVariantGroup;
			children = (
				FFBABFD41E67F2B200E68260 /* Base */,
			);
			name = LaunchScreen.storyboard;
			sourceTree = "<group>";
		};
/* End PBXVariantGroup section */

/* Begin XCBuildConfiguration section */
		FFBABFED1E67F2B200E68260 /* Debug */ = {
			isa = XCBuildConfiguration;
			buildSettings = {
				ALWAYS_SEARCH_USER_PATHS = NO;
				CLANG_ANALYZER_NONNULL = YES;
				CLANG_CXX_LANGUAGE_STANDARD = "gnu++0x";
				CLANG_CXX_LIBRARY = "libc++";
				CLANG_ENABLE_MODULES = YES;
				CLANG_ENABLE_OBJC_ARC = YES;
				CLANG_WARN_BOOL_CONVERSION = YES;
				CLANG_WARN_CONSTANT_CONVERSION = YES;
				CLANG_WARN_DIRECT_OBJC_ISA_USAGE = YES_ERROR;
				CLANG_WARN_DOCUMENTATION_COMMENTS = YES;
				CLANG_WARN_EMPTY_BODY = YES;
				CLANG_WARN_ENUM_CONVERSION = YES;
				CLANG_WARN_INFINITE_RECURSION = YES;
				CLANG_WARN_INT_CONVERSION = YES;
				CLANG_WARN_OBJC_ROOT_CLASS = YES_ERROR;
				CLANG_WARN_SUSPICIOUS_MOVE = YES;
				CLANG_WARN_UNREACHABLE_CODE = YES;
				CLANG_WARN__DUPLICATE_METHOD_MATCH = YES;
				"CODE_SIGN_IDENTITY[sdk=iphoneos*]" = "iPhone Developer";
				COPY_PHASE_STRIP = NO;
				DEBUG_INFORMATION_FORMAT = dwarf;
				ENABLE_STRICT_OBJC_MSGSEND = YES;
				ENABLE_TESTABILITY = YES;
				GCC_C_LANGUAGE_STANDARD = gnu99;
				GCC_DYNAMIC_NO_PIC = NO;
				GCC_NO_COMMON_BLOCKS = YES;
				GCC_OPTIMIZATION_LEVEL = 0;
				GCC_PREPROCESSOR_DEFINITIONS = (
					"DEBUG=1",
					"$(inherited)",
				);
				GCC_WARN_64_TO_32_BIT_CONVERSION = YES;
				GCC_WARN_ABOUT_RETURN_TYPE = YES_ERROR;
				GCC_WARN_UNDECLARED_SELECTOR = YES;
				GCC_WARN_UNINITIALIZED_AUTOS = YES_AGGRESSIVE;
				GCC_WARN_UNUSED_FUNCTION = YES;
				GCC_WARN_UNUSED_VARIABLE = YES;
				IPHONEOS_DEPLOYMENT_TARGET = 10.2;
				MTL_ENABLE_DEBUG_INFO = YES;
				ONLY_ACTIVE_ARCH = YES;
				SDKROOT = iphoneos;
			};
			name = Debug;
		};
		FFBABFEE1E67F2B200E68260 /* Release */ = {
			isa = XCBuildConfiguration;
			buildSettings = {
				ALWAYS_SEARCH_USER_PATHS = NO;
				CLANG_ANALYZER_NONNULL = YES;
				CLANG_CXX_LANGUAGE_STANDARD = "gnu++0x";
				CLANG_CXX_LIBRARY = "libc++";
				CLANG_ENABLE_MODULES = YES;
				CLANG_ENABLE_OBJC_ARC = YES;
				CLANG_WARN_BOOL_CONVERSION = YES;
				CLANG_WARN_CONSTANT_CONVERSION = YES;
				CLANG_WARN_DIRECT_OBJC_ISA_USAGE = YES_ERROR;
				CLANG_WARN_DOCUMENTATION_COMMENTS = YES;
				CLANG_WARN_EMPTY_BODY = YES;
				CLANG_WARN_ENUM_CONVERSION = YES;
				CLANG_WARN_INFINITE_RECURSION = YES;
				CLANG_WARN_INT_CONVERSION = YES;
				CLANG_WARN_OBJC_ROOT_CLASS = YES_ERROR;
				CLANG_WARN_SUSPICIOUS_MOVE = YES;
				CLANG_WARN_UNREACHABLE_CODE = YES;
				CLANG_WARN__DUPLICATE_METHOD_MATCH = YES;
				"CODE_SIGN_IDENTITY[sdk=iphoneos*]" = "iPhone Developer";
				COPY_PHASE_STRIP = NO;
				DEBUG_INFORMATION_FORMAT = "dwarf-with-dsym";
				ENABLE_NS_ASSERTIONS = NO;
				ENABLE_STRICT_OBJC_MSGSEND = YES;
				GCC_C_LANGUAGE_STANDARD = gnu99;
				GCC_NO_COMMON_BLOCKS = YES;
				GCC_WARN_64_TO_32_BIT_CONVERSION = YES;
				GCC_WARN_ABOUT_RETURN_TYPE = YES_ERROR;
				GCC_WARN_UNDECLARED_SELECTOR = YES;
				GCC_WARN_UNINITIALIZED_AUTOS = YES_AGGRESSIVE;
				GCC_WARN_UNUSED_FUNCTION = YES;
				GCC_WARN_UNUSED_VARIABLE = YES;
				IPHONEOS_DEPLOYMENT_TARGET = 10.2;
				MTL_ENABLE_DEBUG_INFO = NO;
				SDKROOT = iphoneos;
				VALIDATE_PRODUCT = YES;
			};
			name = Release;
		};
		FFBABFF01E67F2B200E68260 /* Debug */ = {
			isa = XCBuildConfiguration;
			baseConfigurationReference = AD7AB71331A7A98545A260E7 /* Pods-HueHypertension.debug.xcconfig */;
			buildSettings = {
				ASSETCATALOG_COMPILER_APPICON_NAME = AppIcon;
				DEVELOPMENT_TEAM = HU5VQMU784;
				FRAMEWORK_SEARCH_PATHS = (
					"$(inherited)",
					"$(PROJECT_DIR)",
				);
				INFOPLIST_FILE = HueHypertension/Info.plist;
				LD_RUNPATH_SEARCH_PATHS = "$(inherited) @executable_path/Frameworks";
				OTHER_LDFLAGS = (
					"-ObjC",
					"-framework",
					"\"AFNetworking\"",
					"-framework",
					"\"HMSegmentedControl\"",
					"-framework",
					"\"JTCalendar\"",
					"-framework",
					"\"MBProgressHUD\"",
					"-framework",
					"\"MONActivityIndicatorView\"",
					"-framework",
					"\"SDCycleScrollView\"",
					"-framework",
					"\"SDWebImage\"",
					"-framework",
					"\"UIView_AutoLayout\"",
				);
				PRODUCT_BUNDLE_IDENTIFIER = lyy.HueHypertension;
				PRODUCT_NAME = "$(TARGET_NAME)";
			};
			name = Debug;
		};
		FFBABFF11E67F2B200E68260 /* Release */ = {
			isa = XCBuildConfiguration;
			baseConfigurationReference = AFA9829F7059FACC8AA8E418 /* Pods-HueHypertension.release.xcconfig */;
			buildSettings = {
				ASSETCATALOG_COMPILER_APPICON_NAME = AppIcon;
				DEVELOPMENT_TEAM = HU5VQMU784;
				FRAMEWORK_SEARCH_PATHS = (
					"$(inherited)",
					"$(PROJECT_DIR)",
				);
				INFOPLIST_FILE = HueHypertension/Info.plist;
				LD_RUNPATH_SEARCH_PATHS = "$(inherited) @executable_path/Frameworks";
				OTHER_LDFLAGS = (
					"-ObjC",
					"-framework",
					"\"AFNetworking\"",
					"-framework",
					"\"HMSegmentedControl\"",
					"-framework",
					"\"JTCalendar\"",
					"-framework",
					"\"MBProgressHUD\"",
					"-framework",
					"\"MONActivityIndicatorView\"",
					"-framework",
					"\"SDCycleScrollView\"",
					"-framework",
					"\"SDWebImage\"",
					"-framework",
					"\"UIView_AutoLayout\"",
				);
				PRODUCT_BUNDLE_IDENTIFIER = lyy.HueHypertension;
				PRODUCT_NAME = "$(TARGET_NAME)";
			};
			name = Release;
		};
		FFBABFF31E67F2B200E68260 /* Debug */ = {
			isa = XCBuildConfiguration;
			buildSettings = {
				BUNDLE_LOADER = "$(TEST_HOST)";
				DEVELOPMENT_TEAM = HU5VQMU784;
				INFOPLIST_FILE = HueHypertensionTests/Info.plist;
				LD_RUNPATH_SEARCH_PATHS = "$(inherited) @executable_path/Frameworks @loader_path/Frameworks";
				PRODUCT_BUNDLE_IDENTIFIER = lyy.HueHypertensionTests;
				PRODUCT_NAME = "$(TARGET_NAME)";
				TEST_HOST = "$(BUILT_PRODUCTS_DIR)/HueHypertension.app/HueHypertension";
			};
			name = Debug;
		};
		FFBABFF41E67F2B200E68260 /* Release */ = {
			isa = XCBuildConfiguration;
			buildSettings = {
				BUNDLE_LOADER = "$(TEST_HOST)";
				DEVELOPMENT_TEAM = HU5VQMU784;
				INFOPLIST_FILE = HueHypertensionTests/Info.plist;
				LD_RUNPATH_SEARCH_PATHS = "$(inherited) @executable_path/Frameworks @loader_path/Frameworks";
				PRODUCT_BUNDLE_IDENTIFIER = lyy.HueHypertensionTests;
				PRODUCT_NAME = "$(TARGET_NAME)";
				TEST_HOST = "$(BUILT_PRODUCTS_DIR)/HueHypertension.app/HueHypertension";
			};
			name = Release;
		};
		FFBABFF61E67F2B200E68260 /* Debug */ = {
			isa = XCBuildConfiguration;
			buildSettings = {
				DEVELOPMENT_TEAM = HU5VQMU784;
				INFOPLIST_FILE = HueHypertensionUITests/Info.plist;
				LD_RUNPATH_SEARCH_PATHS = "$(inherited) @executable_path/Frameworks @loader_path/Frameworks";
				PRODUCT_BUNDLE_IDENTIFIER = lyy.HueHypertensionUITests;
				PRODUCT_NAME = "$(TARGET_NAME)";
				TEST_TARGET_NAME = HueHypertension;
			};
			name = Debug;
		};
		FFBABFF71E67F2B200E68260 /* Release */ = {
			isa = XCBuildConfiguration;
			buildSettings = {
				DEVELOPMENT_TEAM = HU5VQMU784;
				INFOPLIST_FILE = HueHypertensionUITests/Info.plist;
				LD_RUNPATH_SEARCH_PATHS = "$(inherited) @executable_path/Frameworks @loader_path/Frameworks";
				PRODUCT_BUNDLE_IDENTIFIER = lyy.HueHypertensionUITests;
				PRODUCT_NAME = "$(TARGET_NAME)";
				TEST_TARGET_NAME = HueHypertension;
			};
			name = Release;
		};
/* End XCBuildConfiguration section */

/* Begin XCConfigurationList section */
		FFBABFBD1E67F2B200E68260 /* Build configuration list for PBXProject "HueHypertension" */ = {
			isa = XCConfigurationList;
			buildConfigurations = (
				FFBABFED1E67F2B200E68260 /* Debug */,
				FFBABFEE1E67F2B200E68260 /* Release */,
			);
			defaultConfigurationIsVisible = 0;
			defaultConfigurationName = Release;
		};
		FFBABFEF1E67F2B200E68260 /* Build configuration list for PBXNativeTarget "HueHypertension" */ = {
			isa = XCConfigurationList;
			buildConfigurations = (
				FFBABFF01E67F2B200E68260 /* Debug */,
				FFBABFF11E67F2B200E68260 /* Release */,
			);
			defaultConfigurationIsVisible = 0;
			defaultConfigurationName = Release;
		};
		FFBABFF21E67F2B200E68260 /* Build configuration list for PBXNativeTarget "HueHypertensionTests" */ = {
			isa = XCConfigurationList;
			buildConfigurations = (
				FFBABFF31E67F2B200E68260 /* Debug */,
				FFBABFF41E67F2B200E68260 /* Release */,
			);
			defaultConfigurationIsVisible = 0;
			defaultConfigurationName = Release;
		};
		FFBABFF51E67F2B200E68260 /* Build configuration list for PBXNativeTarget "HueHypertensionUITests" */ = {
			isa = XCConfigurationList;
			buildConfigurations = (
				FFBABFF61E67F2B200E68260 /* Debug */,
				FFBABFF71E67F2B200E68260 /* Release */,
			);
			defaultConfigurationIsVisible = 0;
			defaultConfigurationName = Release;
		};
/* End XCConfigurationList section */
	};
	rootObject = FFBABFBA1E67F2B200E68260 /* Project object */;
}
